
Microsoft Visual Studio Solution File, Format Version 12.00
# Visual Studio Version 16
VisualStudioVersion = 16.0.30907.101
MinimumVisualStudioVersion = 10.0.40219.1
Project("{FAE04EC0-301F-11D3-BF4B-00C04F79EFBC}") = "GitExample", "GitExample\GitExample.csproj", "{DEF8ABC1-867B-441A-AB1F-8C8747787A33}"
EndProject
Global
	GlobalSection(SolutionConfigurationPlatforms) = preSolution
		Debug|Any CPU = Debug|Any CPU
		Release|Any CPU = Release|Any CPU
	EndGlobalSection
	GlobalSection(ProjectConfigurationPlatforms) = postSolution
		{DEF8ABC1-867B-441A-AB1F-8C8747787A33}.Debug|Any CPU.ActiveCfg = Debug|Any CPU
		{DEF8ABC1-867B-441A-AB1F-8C8747787A33}.Debug|Any CPU.Build.0 = Debug|Any CPU
		{DEF8ABC1-867B-441A-AB1F-8C8747787A33}.Release|Any CPU.ActiveCfg = Release|Any CPU
		{DEF8ABC1-867B-441A-AB1F-8C8747787A33}.Release|Any CPU.Build.0 = Release|Any CPU
	EndGlobalSection
	GlobalSection(SolutionProperties) = preSolution
		HideSolutionNode = FALSE
	EndGlobalSection
	GlobalSection(ExtensibilityGlobals) = postSolution
		SolutionGuid = {6B39B946-0E37-4C40-826B-6B9242ED4EE3}
	EndGlobalSection
EndGlobal
